
Microsoft Visual Studio Solution File, Format Version 12.00
# Visual Studio Version 16
VisualStudioVersion = 16.0.29424.173
MinimumVisualStudioVersion = 10.0.40219.1
Project("{FAE04EC0-301F-11D3-BF4B-00C04F79EFBC}") = "MatrixApp", "MatrixApp\MatrixApp.csproj", "{81440F04-F59C-4CD6-B4D8-20CF155AA96B}"
EndProject
Global
	GlobalSection(SolutionConfigurationPlatforms) = preSolution
		Debug|Any CPU = Debug|Any CPU
		Release|Any CPU = Release|Any CPU
	EndGlobalSection
	GlobalSection(ProjectConfigurationPlatforms) = postSolution
		{81440F04-F59C-4CD6-B4D8-20CF155AA96B}.Debug|Any CPU.ActiveCfg = Debug|Any CPU
		{81440F04-F59C-4CD6-B4D8-20CF155AA96B}.Debug|Any CPU.Build.0 = Debug|Any CPU
		{81440F04-F59C-4CD6-B4D8-20CF155AA96B}.Release|Any CPU.ActiveCfg = Release|Any CPU
		{81440F04-F59C-4CD6-B4D8-20CF155AA96B}.Release|Any CPU.Build.0 = Release|Any CPU
	EndGlobalSection
	GlobalSection(SolutionProperties) = preSolution
		HideSolutionNode = FALSE
	EndGlobalSection
	GlobalSection(ExtensibilityGlobals) = postSolution
		SolutionGuid = {E13B0166-BF1E-4718-A13D-88DAD321B44A}
	EndGlobalSection
EndGlobal
